
Microsoft Visual Studio Solution File, Format Version 12.00
# Visual Studio Version 17
VisualStudioVersion = 17.9.34310.174
MinimumVisualStudioVersion = 10.0.40219.1
Project("{8BC9CEB8-8B4A-11D0-8D11-00A0C91BC942}") = "3.1", "3.1\3.1.vcxproj", "{4EEA3585-A72C-4D0F-96BA-E503520CA3F9}"
EndProject
Project("{8BC9CEB8-8B4A-11D0-8D11-00A0C91BC942}") = "3.2.1", "3.2.1\3.2.1.vcxproj", "{45A0ADE8-DBBD-47C3-9685-F57B2217DA8B}"
EndProject
Global
	GlobalSection(SolutionConfigurationPlatforms) = preSolution
		Debug|x64 = Debug|x64
		Debug|x86 = Debug|x86
		Release|x64 = Release|x64
		Release|x86 = Release|x86
	EndGlobalSection
	GlobalSection(ProjectConfigurationPlatforms) = postSolution
		{4EEA3585-A72C-4D0F-96BA-E503520CA3F9}.Debug|x64.ActiveCfg = Debug|x64
		{4EEA3585-A72C-4D0F-96BA-E503520CA3F9}.Debug|x64.Build.0 = Debug|x64
		{4EEA3585-A72C-4D0F-96BA-E503520CA3F9}.Debug|x86.ActiveCfg = Debug|Win32
		{4EEA3585-A72C-4D0F-96BA-E503520CA3F9}.Debug|x86.Build.0 = Debug|Win32
		{4EEA3585-A72C-4D0F-96BA-E503520CA3F9}.Release|x64.ActiveCfg = Release|x64
		{4EEA3585-A72C-4D0F-96BA-E503520CA3F9}.Release|x64.Build.0 = Release|x64
		{4EEA3585-A72C-4D0F-96BA-E503520CA3F9}.Release|x86.ActiveCfg = Release|Win32
		{4EEA3585-A72C-4D0F-96BA-E503520CA3F9}.Release|x86.Build.0 = Release|Win32
		{45A0ADE8-DBBD-47C3-9685-F57B2217DA8B}.Debug|x64.ActiveCfg = Debug|x64
		{45A0ADE8-DBBD-47C3-9685-F57B2217DA8B}.Debug|x64.Build.0 = Debug|x64
		{45A0ADE8-DBBD-47C3-9685-F57B2217DA8B}.Debug|x86.ActiveCfg = Debug|Win32
		{45A0ADE8-DBBD-47C3-9685-F57B2217DA8B}.Debug|x86.Build.0 = Debug|Win32
		{45A0ADE8-DBBD-47C3-9685-F57B2217DA8B}.Release|x64.ActiveCfg = Release|x64
		{45A0ADE8-DBBD-47C3-9685-F57B2217DA8B}.Release|x64.Build.0 = Release|x64
		{45A0ADE8-DBBD-47C3-9685-F57B2217DA8B}.Release|x86.ActiveCfg = Release|Win32
		{45A0ADE8-DBBD-47C3-9685-F57B2217DA8B}.Release|x86.Build.0 = Release|Win32
	EndGlobalSection
	GlobalSection(SolutionProperties) = preSolution
		HideSolutionNode = FALSE
	EndGlobalSection
	GlobalSection(ExtensibilityGlobals) = postSolution
		SolutionGuid = {C100D1DD-869A-4B99-833F-D2A5F4240710}
	EndGlobalSection
EndGlobal
