
Microsoft Visual Studio Solution File, Format Version 12.00
# Visual Studio Version 17
VisualStudioVersion = 17.9.34310.174
MinimumVisualStudioVersion = 10.0.40219.1
Project("{8BC9CEB8-8B4A-11D0-8D11-00A0C91BC942}") = "2", "2\2.vcxproj", "{E7A8AB2D-15B9-42AC-A2FB-C2649285729E}"
EndProject
Global
	GlobalSection(SolutionConfigurationPlatforms) = preSolution
		Debug|x64 = Debug|x64
		Debug|x86 = Debug|x86
		Release|x64 = Release|x64
		Release|x86 = Release|x86
	EndGlobalSection
	GlobalSection(ProjectConfigurationPlatforms) = postSolution
		{E7A8AB2D-15B9-42AC-A2FB-C2649285729E}.Debug|x64.ActiveCfg = Debug|x64
		{E7A8AB2D-15B9-42AC-A2FB-C2649285729E}.Debug|x64.Build.0 = Debug|x64
		{E7A8AB2D-15B9-42AC-A2FB-C2649285729E}.Debug|x86.ActiveCfg = Debug|Win32
		{E7A8AB2D-15B9-42AC-A2FB-C2649285729E}.Debug|x86.Build.0 = Debug|Win32
		{E7A8AB2D-15B9-42AC-A2FB-C2649285729E}.Release|x64.ActiveCfg = Release|x64
		{E7A8AB2D-15B9-42AC-A2FB-C2649285729E}.Release|x64.Build.0 = Release|x64
		{E7A8AB2D-15B9-42AC-A2FB-C2649285729E}.Release|x86.ActiveCfg = Release|Win32
		{E7A8AB2D-15B9-42AC-A2FB-C2649285729E}.Release|x86.Build.0 = Release|Win32
	EndGlobalSection
	GlobalSection(SolutionProperties) = preSolution
		HideSolutionNode = FALSE
	EndGlobalSection
	GlobalSection(ExtensibilityGlobals) = postSolution
		SolutionGuid = {7EF91340-BF13-41CA-B860-DCD7F7043291}
	EndGlobalSection
EndGlobal
